Microsoft Visual Studio Solution File, Format Version 12.00
# Visual Studio 2012
Project("{FAE04EC0-301F-11D3-BF4B-00C04F79EFBC}") = "Proof of Concepts", "Proof of Concepts.csproj", "{AB362F75-D8ED-41DD-96D6-D1555AF22001}"
EndProject
Global
	GlobalSection(SolutionConfigurationPlatforms) = preSolution
	Debug|Any CPU = Debug|Any CPU
	ExportDebug|Any CPU = ExportDebug|Any CPU
	ExportRelease|Any CPU = ExportRelease|Any CPU
	EndGlobalSection
	GlobalSection(ProjectConfigurationPlatforms) = postSolution
		{AB362F75-D8ED-41DD-96D6-D1555AF22001}.Debug|Any CPU.ActiveCfg = Debug|Any CPU
		{AB362F75-D8ED-41DD-96D6-D1555AF22001}.Debug|Any CPU.Build.0 = Debug|Any CPU
		{AB362F75-D8ED-41DD-96D6-D1555AF22001}.ExportDebug|Any CPU.ActiveCfg = ExportDebug|Any CPU
		{AB362F75-D8ED-41DD-96D6-D1555AF22001}.ExportDebug|Any CPU.Build.0 = ExportDebug|Any CPU
		{AB362F75-D8ED-41DD-96D6-D1555AF22001}.ExportRelease|Any CPU.ActiveCfg = ExportRelease|Any CPU
		{AB362F75-D8ED-41DD-96D6-D1555AF22001}.ExportRelease|Any CPU.Build.0 = ExportRelease|Any CPU
	EndGlobalSection
EndGlobal
