Microsoft Visual Studio Solution File, Format Version 12.00
# Visual Studio 2012
Project("{FAE04EC0-301F-11D3-BF4B-00C04F79EFBC}") = "Proof of Concepts", "Proof of Concepts.csproj", "{E0774BFB-B4DA-4073-B978-1C9F38F64AEA}"
EndProject
Global
	GlobalSection(SolutionConfigurationPlatforms) = preSolution
	Debug|Any CPU = Debug|Any CPU
	ExportDebug|Any CPU = ExportDebug|Any CPU
	ExportRelease|Any CPU = ExportRelease|Any CPU
	EndGlobalSection
	GlobalSection(ProjectConfigurationPlatforms) = postSolution
		{E0774BFB-B4DA-4073-B978-1C9F38F64AEA}.Debug|Any CPU.ActiveCfg = Debug|Any CPU
		{E0774BFB-B4DA-4073-B978-1C9F38F64AEA}.Debug|Any CPU.Build.0 = Debug|Any CPU
		{E0774BFB-B4DA-4073-B978-1C9F38F64AEA}.ExportDebug|Any CPU.ActiveCfg = ExportDebug|Any CPU
		{E0774BFB-B4DA-4073-B978-1C9F38F64AEA}.ExportDebug|Any CPU.Build.0 = ExportDebug|Any CPU
		{E0774BFB-B4DA-4073-B978-1C9F38F64AEA}.ExportRelease|Any CPU.ActiveCfg = ExportRelease|Any CPU
		{E0774BFB-B4DA-4073-B978-1C9F38F64AEA}.ExportRelease|Any CPU.Build.0 = ExportRelease|Any CPU
	EndGlobalSection
EndGlobal
